
Microsoft Visual Studio Solution File, Format Version 12.00
# Visual Studio Version 17
VisualStudioVersion = 17.1.32228.430
MinimumVisualStudioVersion = 10.0.40219.1
Project("{9A19103F-16F7-4668-BE54-9A1E7A4F7556}") = "BlazorTutorialConsole", "BlazorTutorialConsole\BlazorTutorialConsole.csproj", "{AEA0B07B-4AC7-498B-962E-83BC8ED63980}"
EndProject
Project("{9A19103F-16F7-4668-BE54-9A1E7A4F7556}") = "BlazorTutorial.GUI", "BlazorTutorial.GUI\BlazorTutorial.GUI.csproj", "{EFD56EAD-D943-48C4-81E4-3079807D5200}"
EndProject
Global
	GlobalSection(SolutionConfigurationPlatforms) = preSolution
		Debug|Any CPU = Debug|Any CPU
		Release|Any CPU = Release|Any CPU
	EndGlobalSection
	GlobalSection(ProjectConfigurationPlatforms) = postSolution
		{AEA0B07B-4AC7-498B-962E-83BC8ED63980}.Debug|Any CPU.ActiveCfg = Debug|Any CPU
		{AEA0B07B-4AC7-498B-962E-83BC8ED63980}.Debug|Any CPU.Build.0 = Debug|Any CPU
		{AEA0B07B-4AC7-498B-962E-83BC8ED63980}.Release|Any CPU.ActiveCfg = Release|Any CPU
		{AEA0B07B-4AC7-498B-962E-83BC8ED63980}.Release|Any CPU.Build.0 = Release|Any CPU
		{EFD56EAD-D943-48C4-81E4-3079807D5200}.Debug|Any CPU.ActiveCfg = Debug|Any CPU
		{EFD56EAD-D943-48C4-81E4-3079807D5200}.Debug|Any CPU.Build.0 = Debug|Any CPU
		{EFD56EAD-D943-48C4-81E4-3079807D5200}.Release|Any CPU.ActiveCfg = Release|Any CPU
		{EFD56EAD-D943-48C4-81E4-3079807D5200}.Release|Any CPU.Build.0 = Release|Any CPU
	EndGlobalSection
	GlobalSection(SolutionProperties) = preSolution
		HideSolutionNode = FALSE
	EndGlobalSection
	GlobalSection(ExtensibilityGlobals) = postSolution
		SolutionGuid = {D8EEB59A-2E63-4F14-903E-37DE81B67400}
	EndGlobalSection
EndGlobal
